
Microsoft Visual Studio Solution File, Format Version 12.00
# Visual Studio Version 16
VisualStudioVersion = 16.0.31005.135
MinimumVisualStudioVersion = 10.0.40219.1
Project("{FAE04EC0-301F-11D3-BF4B-00C04F79EFBC}") = "Entities", "Entities\Entities.csproj", "{BD01A799-F137-4852-AA44-E7989AB26A93}"
EndProject
Project("{FAE04EC0-301F-11D3-BF4B-00C04F79EFBC}") = "DataAccess", "DataAccess\DataAccess.csproj", "{5E446AF7-5774-4AC1-BD38-79F62F6E379E}"
EndProject
Project("{FAE04EC0-301F-11D3-BF4B-00C04F79EFBC}") = "Business", "Business\Business.csproj", "{C4CB2F93-9BDF-41F2-AD67-F6028B5ADD6A}"
EndProject
Project("{FAE04EC0-301F-11D3-BF4B-00C04F79EFBC}") = "ConsoleUI", "ConsoleUI\ConsoleUI.csproj", "{6AB48D71-307A-4EDD-A6EE-5857C7FFF45A}"
EndProject
Global
	GlobalSection(SolutionConfigurationPlatforms) = preSolution
		Debug|Any CPU = Debug|Any CPU
		Release|Any CPU = Release|Any CPU
	EndGlobalSection
	GlobalSection(ProjectConfigurationPlatforms) = postSolution
		{BD01A799-F137-4852-AA44-E7989AB26A93}.Debug|Any CPU.ActiveCfg = Debug|Any CPU
		{BD01A799-F137-4852-AA44-E7989AB26A93}.Debug|Any CPU.Build.0 = Debug|Any CPU
		{BD01A799-F137-4852-AA44-E7989AB26A93}.Release|Any CPU.ActiveCfg = Release|Any CPU
		{BD01A799-F137-4852-AA44-E7989AB26A93}.Release|Any CPU.Build.0 = Release|Any CPU
		{5E446AF7-5774-4AC1-BD38-79F62F6E379E}.Debug|Any CPU.ActiveCfg = Debug|Any CPU
		{5E446AF7-5774-4AC1-BD38-79F62F6E379E}.Debug|Any CPU.Build.0 = Debug|Any CPU
		{5E446AF7-5774-4AC1-BD38-79F62F6E379E}.Release|Any CPU.ActiveCfg = Release|Any CPU
		{5E446AF7-5774-4AC1-BD38-79F62F6E379E}.Release|Any CPU.Build.0 = Release|Any CPU
		{C4CB2F93-9BDF-41F2-AD67-F6028B5ADD6A}.Debug|Any CPU.ActiveCfg = Debug|Any CPU
		{C4CB2F93-9BDF-41F2-AD67-F6028B5ADD6A}.Debug|Any CPU.Build.0 = Debug|Any CPU
		{C4CB2F93-9BDF-41F2-AD67-F6028B5ADD6A}.Release|Any CPU.ActiveCfg = Release|Any CPU
		{C4CB2F93-9BDF-41F2-AD67-F6028B5ADD6A}.Release|Any CPU.Build.0 = Release|Any CPU
		{6AB48D71-307A-4EDD-A6EE-5857C7FFF45A}.Debug|Any CPU.ActiveCfg = Debug|Any CPU
		{6AB48D71-307A-4EDD-A6EE-5857C7FFF45A}.Debug|Any CPU.Build.0 = Debug|Any CPU
		{6AB48D71-307A-4EDD-A6EE-5857C7FFF45A}.Release|Any CPU.ActiveCfg = Release|Any CPU
		{6AB48D71-307A-4EDD-A6EE-5857C7FFF45A}.Release|Any CPU.Build.0 = Release|Any CPU
	EndGlobalSection
	GlobalSection(SolutionProperties) = preSolution
		HideSolutionNode = FALSE
	EndGlobalSection
	GlobalSection(ExtensibilityGlobals) = postSolution
		SolutionGuid = {5802A4CD-E30C-4087-AB1B-E005212ED151}
	EndGlobalSection
EndGlobal
